
Microsoft Visual Studio Solution File, Format Version 12.00
# Visual Studio Version 17
VisualStudioVersion = 17.5.002.0
MinimumVisualStudioVersion = 10.0.40219.1
Project("{9A19103F-16F7-4668-BE54-9A1E7A4F7556}") = "SpeechTest", "src\SpeechTest.csproj", "{31F96BC6-C0AB-4DC7-9DA9-0C894FB9A8D0}"
EndProject
Global
	GlobalSection(SolutionConfigurationPlatforms) = preSolution
		Debug|Any CPU = Debug|Any CPU
		Release|Any CPU = Release|Any CPU
	EndGlobalSection
	GlobalSection(ProjectConfigurationPlatforms) = postSolution
		{31F96BC6-C0AB-4DC7-9DA9-0C894FB9A8D0}.Debug|Any CPU.ActiveCfg = Debug|Any CPU
		{31F96BC6-C0AB-4DC7-9DA9-0C894FB9A8D0}.Debug|Any CPU.Build.0 = Debug|Any CPU
		{31F96BC6-C0AB-4DC7-9DA9-0C894FB9A8D0}.Release|Any CPU.ActiveCfg = Release|Any CPU
		{31F96BC6-C0AB-4DC7-9DA9-0C894FB9A8D0}.Release|Any CPU.Build.0 = Release|Any CPU
	EndGlobalSection
	GlobalSection(SolutionProperties) = preSolution
		HideSolutionNode = FALSE
	EndGlobalSection
	GlobalSection(ExtensibilityGlobals) = postSolution
		SolutionGuid = {E96A0650-6A65-435A-A806-C1C7E3D725B7}
	EndGlobalSection
EndGlobal
